// !$*UTF8*$!
{
	archiveVersion = 1;
	classes = {
	};
	objectVersion = 50;
	objects = {

/* Begin PBXBuildFile section */
		A373367525E67A3000C7FB06 /* AppDelegate.swift in Sources */ = {isa = PBXBuildFile; fileRef = A373367425E67A3000C7FB06 /* AppDelegate.swift */; };
		A373367725E67A3000C7FB06 /* SceneDelegate.swift in Sources */ = {isa = PBXBuildFile; fileRef = A373367625E67A3000C7FB06 /* SceneDelegate.swift */; };
		A373367925E67A3000C7FB06 /* ViewController.swift in Sources */ = {isa = PBXBuildFile; fileRef = A373367825E67A3000C7FB06 /* ViewController.swift */; };
		A373367C25E67A3000C7FB06 /* Main.storyboard in Resources */ = {isa = PBXBuildFile; fileRef = A373367A25E67A3000C7FB06 /* Main.storyboard */; };
		A373367E25E67A3300C7FB06 /* Assets.xcassets in Resources */ = {isa = PBXBuildFile; fileRef = A373367D25E67A3300C7FB06 /* Assets.xcassets */; };
		A373368125E67A3300C7FB06 /* LaunchScreen.storyboard in Resources */ = {isa = PBXBuildFile; fileRef = A373367F25E67A3300C7FB06 /* LaunchScreen.storyboard */; };
		A3791B7725E83E9B00304504 /* LoggedInViewController.swift in Sources */ = {isa = PBXBuildFile; fileRef = A3791B7625E83E9B00304504 /* LoggedInViewController.swift */; };
/* End PBXBuildFile section */

/* Begin PBXFileReference section */
		A373367125E67A3000C7FB06 /* AppWithFaceID.app */ = {isa = PBXFileReference; explicitFileType = wrapper.application; includeInIndex = 0; path = AppWithFaceID.app; sourceTree = BUILT_PRODUCTS_DIR; };
		A373367425E67A3000C7FB06 /* AppDelegate.swift */ = {isa = PBXFileReference; lastKnownFileType = sourcecode.swift; path = AppDelegate.swift; sourceTree = "<group>"; };
		A373367625E67A3000C7FB06 /* SceneDelegate.swift */ = {isa = PBXFileReference; lastKnownFileType = sourcecode.swift; path = SceneDelegate.swift; sourceTree = "<group>"; };
		A373367825E67A3000C7FB06 /* ViewController.swift */ = {isa = PBXFileReference; lastKnownFileType = sourcecode.swift; path = ViewController.swift; sourceTree = "<group>"; };
		A373367B25E67A3000C7FB06 /* Base */ = {isa = PBXFileReference; lastKnownFileType = file.storyboard; name = Base; path = Base.lproj/Main.storyboard; sourceTree = "<group>"; };
		A373367D25E67A3300C7FB06 /* Assets.xcassets */ = {isa = PBXFileReference; lastKnownFileType = folder.assetcatalog; path = Assets.xcassets; sourceTree = "<group>"; };
		A373368025E67A3300C7FB06 /* Base */ = {isa = PBXFileReference; lastKnownFileType = file.storyboard; name = Base; path = Base.lproj/LaunchScreen.storyboard; sourceTree = "<group>"; };
		A373368225E67A3300C7FB06 /* Info.plist */ = {isa = PBXFileReference; lastKnownFileType = text.plist.xml; path = Info.plist; sourceTree = "<group>"; };
		A3791B7625E83E9B00304504 /* LoggedInViewController.swift */ = {isa = PBXFileReference; lastKnownFileType = sourcecode.swift; path = LoggedInViewController.swift; sourceTree = "<group>"; };
/* End PBXFileReference section */

/* Begin PBXFrameworksBuildPhase section */
		A373366E25E67A3000C7FB06 /* Frameworks */ = {
			isa = PBXFrameworksBuildPhase;
			buildActionMask = 2147483647;
			files = (
			);
			runOnlyForDeploymentPostprocessing = 0;
		};
/* End PBXFrameworksBuildPhase section */

/* Begin PBXGroup section */
		A373366825E67A3000C7FB06 = {
			isa = PBXGroup;
			children = (
				A373367325E67A3000C7FB06 /* AppWithFaceID */,
				A373367225E67A3000C7FB06 /* Products */,
			);
			sourceTree = "<group>";
		};
		A373367225E67A3000C7FB06 /* Products */ = {
			isa = PBXGroup;
			children = (
				A373367125E67A3000C7FB06 /* AppWithFaceID.app */,
			);
			name = Products;
			sourceTree = "<group>";
		};
		A373367325E67A3000C7FB06 /* AppWithFaceID */ = {
			isa = PBXGroup;
			children = (
				A373367425E67A3000C7FB06 /* AppDelegate.swift */,
				A373367625E67A3000C7FB06 /* SceneDelegate.swift */,
				A373367825E67A3000C7FB06 /* ViewController.swift */,
				A373367A25E67A3000C7FB06 /* Main.storyboard */,
				A3791B7625E83E9B00304504 /* LoggedInViewController.swift */,
				A373367D25E67A3300C7FB06 /* Assets.xcassets */,
				A373367F25E67A3300C7FB06 /* LaunchScreen.storyboard */,
				A373368225E67A3300C7FB06 /* Info.plist */,
			);
			path = AppWithFaceID;
			sourceTree = "<group>";
		};
/* End PBXGroup section */

/* Begin PBXNativeTarget section */
		A373367025E67A3000C7FB06 /* AppWithFaceID */ = {
			isa = PBXNativeTarget;
			buildConfigurationList = A373368525E67A3300C7FB06 /* Build configuration list for PBXNativeTarget "AppWithFaceID" */;
			buildPhases = (
				A373366D25E67A3000C7FB06 /* Sources */,
				A373366E25E67A3000C7FB06 /* Frameworks */,
				A373366F25E67A3000C7FB06 /* Resources */,
			);
			buildRules = (
			);
			dependencies = (
			);
			name = AppWithFaceID;
			productName = AppWithFaceID;
			productReference = A373367125E67A3000C7FB06 /* AppWithFaceID.app */;
			productType = "com.apple.product-type.application";
		};
/* End PBXNativeTarget section */

/* Begin PBXProject section */
		A373366925E67A3000C7FB06 /* Project object */ = {
			isa = PBXProject;
			attributes = {
				LastSwiftUpdateCheck = 1170;
				LastUpgradeCheck = 1170;
				ORGANIZATIONNAME = "Ульяна Цимбалистая";
				TargetAttributes = {
					A373367025E67A3000C7FB06 = {
						CreatedOnToolsVersion = 11.7;
					};
				};
			};
			buildConfigurationList = A373366C25E67A3000C7FB06 /* Build configuration list for PBXProject "AppWithFaceID" */;
			compatibilityVersion = "Xcode 9.3";
			developmentRegion = en;
			hasScannedForEncodings = 0;
			knownRegions = (
				en,
				Base,
			);
			mainGroup = A373366825E67A3000C7FB06;
			productRefGroup = A373367225E67A3000C7FB06 /* Products */;
			projectDirPath = "";
			projectRoot = "";
			targets = (
				A373367025E67A3000C7FB06 /* AppWithFaceID */,
			);
		};
/* End PBXProject section */

/* Begin PBXResourcesBuildPhase section */
		A373366F25E67A3000C7FB06 /* Resources */ = {
			isa = PBXResourcesBuildPhase;
			buildActionMask = 2147483647;
			files = (
				A373368125E67A3300C7FB06 /* LaunchScreen.storyboard in Resources */,
				A373367E25E67A3300C7FB06 /* Assets.xcassets in Resources */,
				A373367C25E67A3000C7FB06 /* Main.storyboard in Resources */,
			);
			runOnlyForDeploymentPostprocessing = 0;
		};
/* End PBXResourcesBuildPhase section */

/* Begin PBXSourcesBuildPhase section */
		A373366D25E67A3000C7FB06 /* Sources */ = {
			isa = PBXSourcesBuildPhase;
			buildActionMask = 2147483647;
			files = (
				A373367925E67A3000C7FB06 /* ViewController.swift in Sources */,
				A373367525E67A3000C7FB06 /* AppDelegate.swift in Sources */,
				A3791B7725E83E9B00304504 /* LoggedInViewController.swift in Sources */,
				A373367725E67A3000C7FB06 /* SceneDelegate.swift in Sources */,
			);
			runOnlyForDeploymentPostprocessing = 0;
		};
/* End PBXSourcesBuildPhase section */

/* Begin PBXVariantGroup section */
		A373367A25E67A3000C7FB06 /* Main.storyboard */ = {
			isa = PBXVariantGroup;
			children = (
				A373367B25E67A3000C7FB06 /* Base */,
			);
			name = Main.storyboard;
			sourceTree = "<group>";
		};
		A373367F25E67A3300C7FB06 /* LaunchScreen.storyboard */ = {
			isa = PBXVariantGroup;
			children = (
				A373368025E67A3300C7FB06 /* Base */,
			);
			name = LaunchScreen.storyboard;
			sourceTree = "<group>";
		};
/* End PBXVariantGroup section */

/* Begin XCBuildConfiguration section */
		A373368325E67A3300C7FB06 /* Debug */ = {
			isa = XCBuildConfiguration;
			buildSettings = {
				ALWAYS_SEARCH_USER_PATHS = NO;
				CLANG_ANALYZER_NONNULL = YES;
				CLANG_ANALYZER_NUMBER_OBJECT_CONVERSION = YES_AGGRESSIVE;
				CLANG_CXX_LANGUAGE_STANDARD = "gnu++14";
				CLANG_CXX_LIBRARY = "libc++";
				CLANG_ENABLE_MODULES = YES;
				CLANG_ENABLE_OBJC_ARC = YES;
				CLANG_ENABLE_OBJC_WEAK = YES;
				CLANG_WARN_BLOCK_CAPTURE_AUTORELEASING = YES;
				CLANG_WARN_BOOL_CONVERSION = YES;
				CLANG_WARN_COMMA = YES;
				CLANG_WARN_CONSTANT_CONVERSION = YES;
				CLANG_WARN_DEPRECATED_OBJC_IMPLEMENTATIONS = YES;
				CLANG_WARN_DIRECT_OBJC_ISA_USAGE = YES_ERROR;
				CLANG_WARN_DOCUMENTATION_COMMENTS = YES;
				CLANG_WARN_EMPTY_BODY = YES;
				CLANG_WARN_ENUM_CONVERSION = YES;
				CLANG_WARN_INFINITE_RECURSION = YES;
				CLANG_WARN_INT_CONVERSION = YES;
				CLANG_WARN_NON_LITERAL_NULL_CONVERSION = YES;
				CLANG_WARN_OBJC_IMPLICIT_RETAIN_SELF = YES;
				CLANG_WARN_OBJC_LITERAL_CONVERSION = YES;
				CLANG_WARN_OBJC_ROOT_CLASS = YES_ERROR;
				CLANG_WARN_RANGE_LOOP_ANALYSIS = YES;
				CLANG_WARN_STRICT_PROTOTYPES = YES;
				CLANG_WARN_SUSPICIOUS_MOVE = YES;
				CLANG_WARN_UNGUARDED_AVAILABILITY = YES_AGGRESSIVE;
				CLANG_WARN_UNREACHABLE_CODE = YES;
				CLANG_WARN__DUPLICATE_METHOD_MATCH = YES;
				COPY_PHASE_STRIP = NO;
				DEBUG_INFORMATION_FORMAT = dwarf;
				ENABLE_STRICT_OBJC_MSGSEND = YES;
				ENABLE_TESTABILITY = YES;
				GCC_C_LANGUAGE_STANDARD = gnu11;
				GCC_DYNAMIC_NO_PIC = NO;
				GCC_NO_COMMON_BLOCKS = YES;
				GCC_OPTIMIZATION_LEVEL = 0;
				GCC_PREPROCESSOR_DEFINITIONS = (
					"DEBUG=1",
					"$(inherited)",
				);
				GCC_WARN_64_TO_32_BIT_CONVERSION = YES;
				GCC_WARN_ABOUT_RETURN_TYPE = YES_ERROR;
				GCC_WARN_UNDECLARED_SELECTOR = YES;
				GCC_WARN_UNINITIALIZED_AUTOS = YES_AGGRESSIVE;
				GCC_WARN_UNUSED_FUNCTION = YES;
				GCC_WARN_UNUSED_VARIABLE = YES;
				IPHONEOS_DEPLOYMENT_TARGET = 13.7;
				MTL_ENABLE_DEBUG_INFO = INCLUDE_SOURCE;
				MTL_FAST_MATH = YES;
				ONLY_ACTIVE_ARCH = YES;
				SDKROOT = iphoneos;
				SWIFT_ACTIVE_COMPILATION_CONDITIONS = DEBUG;
				SWIFT_OPTIMIZATION_LEVEL = "-Onone";
			};
			name = Debug;
		};
		A373368425E67A3300C7FB06 /* Release */ = {
			isa = XCBuildConfiguration;
			buildSettings = {
				ALWAYS_SEARCH_USER_PATHS = NO;
				CLANG_ANALYZER_NONNULL = YES;
				CLANG_ANALYZER_NUMBER_OBJECT_CONVERSION = YES_AGGRESSIVE;
				CLANG_CXX_LANGUAGE_STANDARD = "gnu++14";
				CLANG_CXX_LIBRARY = "libc++";
				CLANG_ENABLE_MODULES = YES;
				CLANG_ENABLE_OBJC_ARC = YES;
				CLANG_ENABLE_OBJC_WEAK = YES;
				CLANG_WARN_BLOCK_CAPTURE_AUTORELEASING = YES;
				CLANG_WARN_BOOL_CONVERSION = YES;
				CLANG_WARN_COMMA = YES;
				CLANG_WARN_CONSTANT_CONVERSION = YES;
				CLANG_WARN_DEPRECATED_OBJC_IMPLEMENTATIONS = YES;
				CLANG_WARN_DIRECT_OBJC_ISA_USAGE = YES_ERROR;
				CLANG_WARN_DOCUMENTATION_COMMENTS = YES;
				CLANG_WARN_EMPTY_BODY = YES;
				CLANG_WARN_ENUM_CONVERSION = YES;
				CLANG_WARN_INFINITE_RECURSION = YES;
				CLANG_WARN_INT_CONVERSION = YES;
				CLANG_WARN_NON_LITERAL_NULL_CONVERSION = YES;
				CLANG_WARN_OBJC_IMPLICIT_RETAIN_SELF = YES;
				CLANG_WARN_OBJC_LITERAL_CONVERSION = YES;
				CLANG_WARN_OBJC_ROOT_CLASS = YES_ERROR;
				CLANG_WARN_RANGE_LOOP_ANALYSIS = YES;
				CLANG_WARN_STRICT_PROTOTYPES = YES;
				CLANG_WARN_SUSPICIOUS_MOVE = YES;
				CLANG_WARN_UNGUARDED_AVAILABILITY = YES_AGGRESSIVE;
				CLANG_WARN_UNREACHABLE_CODE = YES;
				CLANG_WARN__DUPLICATE_METHOD_MATCH = YES;
				COPY_PHASE_STRIP = NO;
				DEBUG_INFORMATION_FORMAT = "dwarf-with-dsym";
				ENABLE_NS_ASSERTIONS = NO;
				ENABLE_STRICT_OBJC_MSGSEND = YES;
				GCC_C_LANGUAGE_STANDARD = gnu11;
				GCC_NO_COMMON_BLOCKS = YES;
				GCC_WARN_64_TO_32_BIT_CONVERSION = YES;
				GCC_WARN_ABOUT_RETURN_TYPE = YES_ERROR;
				GCC_WARN_UNDECLARED_SELECTOR = YES;
				GCC_WARN_UNINITIALIZED_AUTOS = YES_AGGRESSIVE;
				GCC_WARN_UNUSED_FUNCTION = YES;
				GCC_WARN_UNUSED_VARIABLE = YES;
				IPHONEOS_DEPLOYMENT_TARGET = 13.7;
				MTL_ENABLE_DEBUG_INFO = NO;
				MTL_FAST_MATH = YES;
				SDKROOT = iphoneos;
				SWIFT_COMPILATION_MODE = wholemodule;
				SWIFT_OPTIMIZATION_LEVEL = "-O";
				VALIDATE_PRODUCT = YES;
			};
			name = Release;
		};
		A373368625E67A3300C7FB06 /* Debug */ = {
			isa = XCBuildConfiguration;
			buildSettings = {
				ASSETCATALOG_COMPILER_APPICON_NAME = AppIcon;
				CODE_SIGN_STYLE = Automatic;
				DEVELOPMENT_TEAM = NNW4HK6Y3H;
				INFOPLIST_FILE = AppWithFaceID/Info.plist;
				LD_RUNPATH_SEARCH_PATHS = (
					"$(inherited)",
					"@executable_path/Frameworks",
				);
				PRODUCT_BUNDLE_IDENTIFIER = nis.AppWithFaceID;
				PRODUCT_NAME = "$(TARGET_NAME)";
				SWIFT_VERSION = 5.0;
				TARGETED_DEVICE_FAMILY = "1,2";
			};
			name = Debug;
		};
		A373368725E67A3300C7FB06 /* Release */ = {
			isa = XCBuildConfiguration;
			buildSettings = {
				ASSETCATALOG_COMPILER_APPICON_NAME = AppIcon;
				CODE_SIGN_STYLE = Automatic;
				DEVELOPMENT_TEAM = NNW4HK6Y3H;
				INFOPLIST_FILE = AppWithFaceID/Info.plist;
				LD_RUNPATH_SEARCH_PATHS = (
					"$(inherited)",
					"@executable_path/Frameworks",
				);
				PRODUCT_BUNDLE_IDENTIFIER = nis.AppWithFaceID;
				PRODUCT_NAME = "$(TARGET_NAME)";
				SWIFT_VERSION = 5.0;
				TARGETED_DEVICE_FAMILY = "1,2";
			};
			name = Release;
		};
/* End XCBuildConfiguration section */

/* Begin XCConfigurationList section */
		A373366C25E67A3000C7FB06 /* Build configuration list for PBXProject "AppWithFaceID" */ = {
			isa = XCConfigurationList;
			buildConfigurations = (
				A373368325E67A3300C7FB06 /* Debug */,
				A373368425E67A3300C7FB06 /* Release */,
			);
			defaultConfigurationIsVisible = 0;
			defaultConfigurationName = Release;
		};
		A373368525E67A3300C7FB06 /* Build configuration list for PBXNativeTarget "AppWithFaceID" */ = {
			isa = XCConfigurationList;
			buildConfigurations = (
				A373368625E67A3300C7FB06 /* Debug */,
				A373368725E67A3300C7FB06 /* Release */,
			);
			defaultConfigurationIsVisible = 0;
			defaultConfigurationName = Release;
		};
/* End XCConfigurationList section */
	};
	rootObject = A373366925E67A3000C7FB06 /* Project object */;
}
