// !$*UTF8*$!
{
	archiveVersion = 1;
	classes = {
	};
	objectVersion = 50;
	objects = {

/* Begin PBXBuildFile section */
		A35508D525F2423C0025514E /* FancyButton.swift in Sources */ = {isa = PBXBuildFile; fileRef = A35508D425F2423C0025514E /* FancyButton.swift */; };
		A3B82AEF25ED786700369D59 /* AppDelegate.swift in Sources */ = {isa = PBXBuildFile; fileRef = A3B82AEE25ED786700369D59 /* AppDelegate.swift */; };
		A3B82AF125ED786700369D59 /* SceneDelegate.swift in Sources */ = {isa = PBXBuildFile; fileRef = A3B82AF025ED786700369D59 /* SceneDelegate.swift */; };
		A3B82AF625ED786700369D59 /* Main.storyboard in Resources */ = {isa = PBXBuildFile; fileRef = A3B82AF425ED786700369D59 /* Main.storyboard */; };
		A3B82AF925ED786700369D59 /* MyHabbits.xcdatamodeld in Sources */ = {isa = PBXBuildFile; fileRef = A3B82AF725ED786700369D59 /* MyHabbits.xcdatamodeld */; };
		A3B82AFB25ED786A00369D59 /* Assets.xcassets in Resources */ = {isa = PBXBuildFile; fileRef = A3B82AFA25ED786A00369D59 /* Assets.xcassets */; };
		A3B82AFE25ED786A00369D59 /* LaunchScreen.storyboard in Resources */ = {isa = PBXBuildFile; fileRef = A3B82AFC25ED786A00369D59 /* LaunchScreen.storyboard */; };
		A3B82B1025ED820B00369D59 /* Date+Extension.swift in Sources */ = {isa = PBXBuildFile; fileRef = A3B82B0F25ED820B00369D59 /* Date+Extension.swift */; };
		A3B82B1425ED899A00369D59 /* TaskProgressView.swift in Sources */ = {isa = PBXBuildFile; fileRef = A3B82B1325ED899A00369D59 /* TaskProgressView.swift */; };
		A3B82B1625ED97AE00369D59 /* AddTaskViewController.swift in Sources */ = {isa = PBXBuildFile; fileRef = A3B82B1525ED97AE00369D59 /* AddTaskViewController.swift */; };
		A3B82B1825EDAB5800369D59 /* MainTableViewController.swift in Sources */ = {isa = PBXBuildFile; fileRef = A3B82B1725EDAB5800369D59 /* MainTableViewController.swift */; };
		A3B82B1A25EDAE0D00369D59 /* TaskTableViewCell.swift in Sources */ = {isa = PBXBuildFile; fileRef = A3B82B1925EDAE0D00369D59 /* TaskTableViewCell.swift */; };
		A3C3D58125F238AB00019F86 /* UpdateTaskViewController.swift in Sources */ = {isa = PBXBuildFile; fileRef = A3C3D58025F238AB00019F86 /* UpdateTaskViewController.swift */; };
/* End PBXBuildFile section */

/* Begin PBXFileReference section */
		A35508D425F2423C0025514E /* FancyButton.swift */ = {isa = PBXFileReference; lastKnownFileType = sourcecode.swift; path = FancyButton.swift; sourceTree = "<group>"; };
		A3B82AEB25ED786700369D59 /* MyHabbits.app */ = {isa = PBXFileReference; explicitFileType = wrapper.application; includeInIndex = 0; path = MyHabbits.app; sourceTree = BUILT_PRODUCTS_DIR; };
		A3B82AEE25ED786700369D59 /* AppDelegate.swift */ = {isa = PBXFileReference; lastKnownFileType = sourcecode.swift; path = AppDelegate.swift; sourceTree = "<group>"; };
		A3B82AF025ED786700369D59 /* SceneDelegate.swift */ = {isa = PBXFileReference; lastKnownFileType = sourcecode.swift; path = SceneDelegate.swift; sourceTree = "<group>"; };
		A3B82AF525ED786700369D59 /* Base */ = {isa = PBXFileReference; lastKnownFileType = file.storyboard; name = Base; path = Base.lproj/Main.storyboard; sourceTree = "<group>"; };
		A3B82AF825ED786700369D59 /* MyHabbits.xcdatamodel */ = {isa = PBXFileReference; lastKnownFileType = wrapper.xcdatamodel; path = MyHabbits.xcdatamodel; sourceTree = "<group>"; };
		A3B82AFA25ED786A00369D59 /* Assets.xcassets */ = {isa = PBXFileReference; lastKnownFileType = folder.assetcatalog; path = Assets.xcassets; sourceTree = "<group>"; };
		A3B82AFD25ED786A00369D59 /* Base */ = {isa = PBXFileReference; lastKnownFileType = file.storyboard; name = Base; path = Base.lproj/LaunchScreen.storyboard; sourceTree = "<group>"; };
		A3B82AFF25ED786A00369D59 /* Info.plist */ = {isa = PBXFileReference; lastKnownFileType = text.plist.xml; path = Info.plist; sourceTree = "<group>"; };
		A3B82B0F25ED820B00369D59 /* Date+Extension.swift */ = {isa = PBXFileReference; lastKnownFileType = sourcecode.swift; path = "Date+Extension.swift"; sourceTree = "<group>"; };
		A3B82B1325ED899A00369D59 /* TaskProgressView.swift */ = {isa = PBXFileReference; lastKnownFileType = sourcecode.swift; path = TaskProgressView.swift; sourceTree = "<group>"; };
		A3B82B1525ED97AE00369D59 /* AddTaskViewController.swift */ = {isa = PBXFileReference; lastKnownFileType = sourcecode.swift; path = AddTaskViewController.swift; sourceTree = "<group>"; };
		A3B82B1725EDAB5800369D59 /* MainTableViewController.swift */ = {isa = PBXFileReference; lastKnownFileType = sourcecode.swift; path = MainTableViewController.swift; sourceTree = "<group>"; };
		A3B82B1925EDAE0D00369D59 /* TaskTableViewCell.swift */ = {isa = PBXFileReference; lastKnownFileType = sourcecode.swift; path = TaskTableViewCell.swift; sourceTree = "<group>"; };
		A3C3D58025F238AB00019F86 /* UpdateTaskViewController.swift */ = {isa = PBXFileReference; lastKnownFileType = sourcecode.swift; path = UpdateTaskViewController.swift; sourceTree = "<group>"; };
/* End PBXFileReference section */

/* Begin PBXFrameworksBuildPhase section */
		A3B82AE825ED786700369D59 /* Frameworks */ = {
			isa = PBXFrameworksBuildPhase;
			buildActionMask = 2147483647;
			files = (
			);
			runOnlyForDeploymentPostprocessing = 0;
		};
/* End PBXFrameworksBuildPhase section */

/* Begin PBXGroup section */
		A35508D225F241FE0025514E /* Controllers */ = {
			isa = PBXGroup;
			children = (
				A3C3D58025F238AB00019F86 /* UpdateTaskViewController.swift */,
				A3B82B1725EDAB5800369D59 /* MainTableViewController.swift */,
				A3B82B1525ED97AE00369D59 /* AddTaskViewController.swift */,
			);
			path = Controllers;
			sourceTree = "<group>";
		};
		A35508D325F242220025514E /* Extensions */ = {
			isa = PBXGroup;
			children = (
				A3B82B0F25ED820B00369D59 /* Date+Extension.swift */,
				A35508D425F2423C0025514E /* FancyButton.swift */,
			);
			path = Extensions;
			sourceTree = "<group>";
		};
		A35508D625F2428C0025514E /* View */ = {
			isa = PBXGroup;
			children = (
				A3B82B1925EDAE0D00369D59 /* TaskTableViewCell.swift */,
				A3B82B1325ED899A00369D59 /* TaskProgressView.swift */,
			);
			path = View;
			sourceTree = "<group>";
		};
		A3B82AE225ED786700369D59 = {
			isa = PBXGroup;
			children = (
				A3B82AED25ED786700369D59 /* MyHabbits */,
				A3B82AEC25ED786700369D59 /* Products */,
			);
			sourceTree = "<group>";
		};
		A3B82AEC25ED786700369D59 /* Products */ = {
			isa = PBXGroup;
			children = (
				A3B82AEB25ED786700369D59 /* MyHabbits.app */,
			);
			name = Products;
			sourceTree = "<group>";
		};
		A3B82AED25ED786700369D59 /* MyHabbits */ = {
			isa = PBXGroup;
			children = (
				A35508D625F2428C0025514E /* View */,
				A35508D325F242220025514E /* Extensions */,
				A35508D225F241FE0025514E /* Controllers */,
				A3B82AEE25ED786700369D59 /* AppDelegate.swift */,
				A3B82AF025ED786700369D59 /* SceneDelegate.swift */,
				A3B82AF425ED786700369D59 /* Main.storyboard */,
				A3B82AFA25ED786A00369D59 /* Assets.xcassets */,
				A3B82AFC25ED786A00369D59 /* LaunchScreen.storyboard */,
				A3B82AFF25ED786A00369D59 /* Info.plist */,
				A3B82AF725ED786700369D59 /* MyHabbits.xcdatamodeld */,
			);
			path = MyHabbits;
			sourceTree = "<group>";
		};
/* End PBXGroup section */

/* Begin PBXNativeTarget section */
		A3B82AEA25ED786700369D59 /* MyHabbits */ = {
			isa = PBXNativeTarget;
			buildConfigurationList = A3B82B0225ED786A00369D59 /* Build configuration list for PBXNativeTarget "MyHabbits" */;
			buildPhases = (
				A3B82AE725ED786700369D59 /* Sources */,
				A3B82AE825ED786700369D59 /* Frameworks */,
				A3B82AE925ED786700369D59 /* Resources */,
			);
			buildRules = (
			);
			dependencies = (
			);
			name = MyHabbits;
			productName = MyHabbits;
			productReference = A3B82AEB25ED786700369D59 /* MyHabbits.app */;
			productType = "com.apple.product-type.application";
		};
/* End PBXNativeTarget section */

/* Begin PBXProject section */
		A3B82AE325ED786700369D59 /* Project object */ = {
			isa = PBXProject;
			attributes = {
				LastSwiftUpdateCheck = 1170;
				LastUpgradeCheck = 1170;
				ORGANIZATIONNAME = "Ульяна Цимбалистая";
				TargetAttributes = {
					A3B82AEA25ED786700369D59 = {
						CreatedOnToolsVersion = 11.7;
					};
				};
			};
			buildConfigurationList = A3B82AE625ED786700369D59 /* Build configuration list for PBXProject "MyHabbits" */;
			compatibilityVersion = "Xcode 9.3";
			developmentRegion = en;
			hasScannedForEncodings = 0;
			knownRegions = (
				en,
				Base,
			);
			mainGroup = A3B82AE225ED786700369D59;
			productRefGroup = A3B82AEC25ED786700369D59 /* Products */;
			projectDirPath = "";
			projectRoot = "";
			targets = (
				A3B82AEA25ED786700369D59 /* MyHabbits */,
			);
		};
/* End PBXProject section */

/* Begin PBXResourcesBuildPhase section */
		A3B82AE925ED786700369D59 /* Resources */ = {
			isa = PBXResourcesBuildPhase;
			buildActionMask = 2147483647;
			files = (
				A3B82AFE25ED786A00369D59 /* LaunchScreen.storyboard in Resources */,
				A3B82AFB25ED786A00369D59 /* Assets.xcassets in Resources */,
				A3B82AF625ED786700369D59 /* Main.storyboard in Resources */,
			);
			runOnlyForDeploymentPostprocessing = 0;
		};
/* End PBXResourcesBuildPhase section */

/* Begin PBXSourcesBuildPhase section */
		A3B82AE725ED786700369D59 /* Sources */ = {
			isa = PBXSourcesBuildPhase;
			buildActionMask = 2147483647;
			files = (
				A3B82AF925ED786700369D59 /* MyHabbits.xcdatamodeld in Sources */,
				A3B82B1A25EDAE0D00369D59 /* TaskTableViewCell.swift in Sources */,
				A3B82B1825EDAB5800369D59 /* MainTableViewController.swift in Sources */,
				A3B82AEF25ED786700369D59 /* AppDelegate.swift in Sources */,
				A3C3D58125F238AB00019F86 /* UpdateTaskViewController.swift in Sources */,
				A3B82B1625ED97AE00369D59 /* AddTaskViewController.swift in Sources */,
				A3B82B1025ED820B00369D59 /* Date+Extension.swift in Sources */,
				A35508D525F2423C0025514E /* FancyButton.swift in Sources */,
				A3B82B1425ED899A00369D59 /* TaskProgressView.swift in Sources */,
				A3B82AF125ED786700369D59 /* SceneDelegate.swift in Sources */,
			);
			runOnlyForDeploymentPostprocessing = 0;
		};
/* End PBXSourcesBuildPhase section */

/* Begin PBXVariantGroup section */
		A3B82AF425ED786700369D59 /* Main.storyboard */ = {
			isa = PBXVariantGroup;
			children = (
				A3B82AF525ED786700369D59 /* Base */,
			);
			name = Main.storyboard;
			sourceTree = "<group>";
		};
		A3B82AFC25ED786A00369D59 /* LaunchScreen.storyboard */ = {
			isa = PBXVariantGroup;
			children = (
				A3B82AFD25ED786A00369D59 /* Base */,
			);
			name = LaunchScreen.storyboard;
			sourceTree = "<group>";
		};
/* End PBXVariantGroup section */

/* Begin XCBuildConfiguration section */
		A3B82B0025ED786A00369D59 /* Debug */ = {
			isa = XCBuildConfiguration;
			buildSettings = {
				ALWAYS_SEARCH_USER_PATHS = NO;
				CLANG_ANALYZER_NONNULL = YES;
				CLANG_ANALYZER_NUMBER_OBJECT_CONVERSION = YES_AGGRESSIVE;
				CLANG_CXX_LANGUAGE_STANDARD = "gnu++14";
				CLANG_CXX_LIBRARY = "libc++";
				CLANG_ENABLE_MODULES = YES;
				CLANG_ENABLE_OBJC_ARC = YES;
				CLANG_ENABLE_OBJC_WEAK = YES;
				CLANG_WARN_BLOCK_CAPTURE_AUTORELEASING = YES;
				CLANG_WARN_BOOL_CONVERSION = YES;
				CLANG_WARN_COMMA = YES;
				CLANG_WARN_CONSTANT_CONVERSION = YES;
				CLANG_WARN_DEPRECATED_OBJC_IMPLEMENTATIONS = YES;
				CLANG_WARN_DIRECT_OBJC_ISA_USAGE = YES_ERROR;
				CLANG_WARN_DOCUMENTATION_COMMENTS = YES;
				CLANG_WARN_EMPTY_BODY = YES;
				CLANG_WARN_ENUM_CONVERSION = YES;
				CLANG_WARN_INFINITE_RECURSION = YES;
				CLANG_WARN_INT_CONVERSION = YES;
				CLANG_WARN_NON_LITERAL_NULL_CONVERSION = YES;
				CLANG_WARN_OBJC_IMPLICIT_RETAIN_SELF = YES;
				CLANG_WARN_OBJC_LITERAL_CONVERSION = YES;
				CLANG_WARN_OBJC_ROOT_CLASS = YES_ERROR;
				CLANG_WARN_RANGE_LOOP_ANALYSIS = YES;
				CLANG_WARN_STRICT_PROTOTYPES = YES;
				CLANG_WARN_SUSPICIOUS_MOVE = YES;
				CLANG_WARN_UNGUARDED_AVAILABILITY = YES_AGGRESSIVE;
				CLANG_WARN_UNREACHABLE_CODE = YES;
				CLANG_WARN__DUPLICATE_METHOD_MATCH = YES;
				COPY_PHASE_STRIP = NO;
				DEBUG_INFORMATION_FORMAT = dwarf;
				ENABLE_STRICT_OBJC_MSGSEND = YES;
				ENABLE_TESTABILITY = YES;
				GCC_C_LANGUAGE_STANDARD = gnu11;
				GCC_DYNAMIC_NO_PIC = NO;
				GCC_NO_COMMON_BLOCKS = YES;
				GCC_OPTIMIZATION_LEVEL = 0;
				GCC_PREPROCESSOR_DEFINITIONS = (
					"DEBUG=1",
					"$(inherited)",
				);
				GCC_WARN_64_TO_32_BIT_CONVERSION = YES;
				GCC_WARN_ABOUT_RETURN_TYPE = YES_ERROR;
				GCC_WARN_UNDECLARED_SELECTOR = YES;
				GCC_WARN_UNINITIALIZED_AUTOS = YES_AGGRESSIVE;
				GCC_WARN_UNUSED_FUNCTION = YES;
				GCC_WARN_UNUSED_VARIABLE = YES;
				IPHONEOS_DEPLOYMENT_TARGET = 13.7;
				MTL_ENABLE_DEBUG_INFO = INCLUDE_SOURCE;
				MTL_FAST_MATH = YES;
				ONLY_ACTIVE_ARCH = YES;
				SDKROOT = iphoneos;
				SWIFT_ACTIVE_COMPILATION_CONDITIONS = DEBUG;
				SWIFT_OPTIMIZATION_LEVEL = "-Onone";
			};
			name = Debug;
		};
		A3B82B0125ED786A00369D59 /* Release */ = {
			isa = XCBuildConfiguration;
			buildSettings = {
				ALWAYS_SEARCH_USER_PATHS = NO;
				CLANG_ANALYZER_NONNULL = YES;
				CLANG_ANALYZER_NUMBER_OBJECT_CONVERSION = YES_AGGRESSIVE;
				CLANG_CXX_LANGUAGE_STANDARD = "gnu++14";
				CLANG_CXX_LIBRARY = "libc++";
				CLANG_ENABLE_MODULES = YES;
				CLANG_ENABLE_OBJC_ARC = YES;
				CLANG_ENABLE_OBJC_WEAK = YES;
				CLANG_WARN_BLOCK_CAPTURE_AUTORELEASING = YES;
				CLANG_WARN_BOOL_CONVERSION = YES;
				CLANG_WARN_COMMA = YES;
				CLANG_WARN_CONSTANT_CONVERSION = YES;
				CLANG_WARN_DEPRECATED_OBJC_IMPLEMENTATIONS = YES;
				CLANG_WARN_DIRECT_OBJC_ISA_USAGE = YES_ERROR;
				CLANG_WARN_DOCUMENTATION_COMMENTS = YES;
				CLANG_WARN_EMPTY_BODY = YES;
				CLANG_WARN_ENUM_CONVERSION = YES;
				CLANG_WARN_INFINITE_RECURSION = YES;
				CLANG_WARN_INT_CONVERSION = YES;
				CLANG_WARN_NON_LITERAL_NULL_CONVERSION = YES;
				CLANG_WARN_OBJC_IMPLICIT_RETAIN_SELF = YES;
				CLANG_WARN_OBJC_LITERAL_CONVERSION = YES;
				CLANG_WARN_OBJC_ROOT_CLASS = YES_ERROR;
				CLANG_WARN_RANGE_LOOP_ANALYSIS = YES;
				CLANG_WARN_STRICT_PROTOTYPES = YES;
				CLANG_WARN_SUSPICIOUS_MOVE = YES;
				CLANG_WARN_UNGUARDED_AVAILABILITY = YES_AGGRESSIVE;
				CLANG_WARN_UNREACHABLE_CODE = YES;
				CLANG_WARN__DUPLICATE_METHOD_MATCH = YES;
				COPY_PHASE_STRIP = NO;
				DEBUG_INFORMATION_FORMAT = "dwarf-with-dsym";
				ENABLE_NS_ASSERTIONS = NO;
				ENABLE_STRICT_OBJC_MSGSEND = YES;
				GCC_C_LANGUAGE_STANDARD = gnu11;
				GCC_NO_COMMON_BLOCKS = YES;
				GCC_WARN_64_TO_32_BIT_CONVERSION = YES;
				GCC_WARN_ABOUT_RETURN_TYPE = YES_ERROR;
				GCC_WARN_UNDECLARED_SELECTOR = YES;
				GCC_WARN_UNINITIALIZED_AUTOS = YES_AGGRESSIVE;
				GCC_WARN_UNUSED_FUNCTION = YES;
				GCC_WARN_UNUSED_VARIABLE = YES;
				IPHONEOS_DEPLOYMENT_TARGET = 13.7;
				MTL_ENABLE_DEBUG_INFO = NO;
				MTL_FAST_MATH = YES;
				SDKROOT = iphoneos;
				SWIFT_COMPILATION_MODE = wholemodule;
				SWIFT_OPTIMIZATION_LEVEL = "-O";
				VALIDATE_PRODUCT = YES;
			};
			name = Release;
		};
		A3B82B0325ED786A00369D59 /* Debug */ = {
			isa = XCBuildConfiguration;
			buildSettings = {
				ASSETCATALOG_COMPILER_APPICON_NAME = AppIcon;
				CODE_SIGN_STYLE = Automatic;
				DEVELOPMENT_TEAM = NNW4HK6Y3H;
				INFOPLIST_FILE = MyHabbits/Info.plist;
				LD_RUNPATH_SEARCH_PATHS = (
					"$(inherited)",
					"@executable_path/Frameworks",
				);
				PRODUCT_BUNDLE_IDENTIFIER = nis.MyHabbits;
				PRODUCT_NAME = "$(TARGET_NAME)";
				SWIFT_VERSION = 5.0;
				TARGETED_DEVICE_FAMILY = "1,2";
			};
			name = Debug;
		};
		A3B82B0425ED786A00369D59 /* Release */ = {
			isa = XCBuildConfiguration;
			buildSettings = {
				ASSETCATALOG_COMPILER_APPICON_NAME = AppIcon;
				CODE_SIGN_STYLE = Automatic;
				DEVELOPMENT_TEAM = NNW4HK6Y3H;
				INFOPLIST_FILE = MyHabbits/Info.plist;
				LD_RUNPATH_SEARCH_PATHS = (
					"$(inherited)",
					"@executable_path/Frameworks",
				);
				PRODUCT_BUNDLE_IDENTIFIER = nis.MyHabbits;
				PRODUCT_NAME = "$(TARGET_NAME)";
				SWIFT_VERSION = 5.0;
				TARGETED_DEVICE_FAMILY = "1,2";
			};
			name = Release;
		};
/* End XCBuildConfiguration section */

/* Begin XCConfigurationList section */
		A3B82AE625ED786700369D59 /* Build configuration list for PBXProject "MyHabbits" */ = {
			isa = XCConfigurationList;
			buildConfigurations = (
				A3B82B0025ED786A00369D59 /* Debug */,
				A3B82B0125ED786A00369D59 /* Release */,
			);
			defaultConfigurationIsVisible = 0;
			defaultConfigurationName = Release;
		};
		A3B82B0225ED786A00369D59 /* Build configuration list for PBXNativeTarget "MyHabbits" */ = {
			isa = XCConfigurationList;
			buildConfigurations = (
				A3B82B0325ED786A00369D59 /* Debug */,
				A3B82B0425ED786A00369D59 /* Release */,
			);
			defaultConfigurationIsVisible = 0;
			defaultConfigurationName = Release;
		};
/* End XCConfigurationList section */

/* Begin XCVersionGroup section */
		A3B82AF725ED786700369D59 /* MyHabbits.xcdatamodeld */ = {
			isa = XCVersionGroup;
			children = (
				A3B82AF825ED786700369D59 /* MyHabbits.xcdatamodel */,
			);
			currentVersion = A3B82AF825ED786700369D59 /* MyHabbits.xcdatamodel */;
			path = MyHabbits.xcdatamodeld;
			sourceTree = "<group>";
			versionGroupType = wrapper.xcdatamodel;
		};
/* End XCVersionGroup section */
	};
	rootObject = A3B82AE325ED786700369D59 /* Project object */;
}
